<?xml version="1.0" encoding="utf-8"?>
<Project ToolsVersion="4.0" xmlns="http://schemas.microsoft.com/developer/msbuild/2003">
  <ItemGroup>
    <Filter Include="src">
      <UniqueIdentifier>{e3c42202-4130-4396-bce5-ca70e4163e84}</UniqueIdentifier>
    </Filter>
    <Filter Include="src\Application">
      <UniqueIdentifier>{358692ec-a02f-46c1-80d7-174f4d4e8325}</UniqueIdentifier>
    </Filter>
    <Filter Include="src\Game">
      <UniqueIdentifier>{d21291c2-fbde-4c58-b57f-0cd499db8a83}</UniqueIdentifier>
    </Filter>
    <Filter Include="src\Settings">
      <UniqueIdentifier>{a1d32863-b9e5-460f-bbce-da7e10502058}</UniqueIdentifier>
    </Filter>
    <Filter Include="src\View">
      <UniqueIdentifier>{1b4a4755-ff54-442d-8c57-f72747ab4335}</UniqueIdentifier>
    </Filter>
    <Filter Include="src\ViewportController">
      <UniqueIdentifier>{c86bfd83-3b57-44b7-abc0-419fe0029be3}</UniqueIdentifier>
    </Filter>
    <Filter Include="src\Game\ResourceLoader">
      <UniqueIdentifier>{887bebbd-4faf-4c2a-8120-3903f481c70b}</UniqueIdentifier>
    </Filter>
    <Filter Include="src\Gui">
      <UniqueIdentifier>{ee3b9267-e2d8-446b-839c-240acffe2c55}</UniqueIdentifier>
    </Filter>
    <Filter Include="src\Events">
      <UniqueIdentifier>{d0fa4f22-1a65-4b3d-9213-453bd65cf5ef}</UniqueIdentifier>
    </Filter>
    <Filter Include="src\Game\GameLoadController">
      <UniqueIdentifier>{77e0b254-8cf0-4783-86cb-1c2a4639aca1}</UniqueIdentifier>
    </Filter>
    <Filter Include="src\Controller">
      <UniqueIdentifier>{d7e0a9fe-7ea5-49b2-8cf0-f49813219ef8}</UniqueIdentifier>
    </Filter>
    <Filter Include="src\Controller\Actions">
      <UniqueIdentifier>{2859b89f-48ae-4717-aaca-8d7f71857437}</UniqueIdentifier>
    </Filter>
    <Filter Include="src\Controller\Cursor">
      <UniqueIdentifier>{edba48dd-1db8-4ea3-b56c-4c869336e9c6}</UniqueIdentifier>
    </Filter>
    <Filter Include="src\View\GuiViewFactory">
      <UniqueIdentifier>{f0a9e334-28a4-462e-99f1-db52d3651bec}</UniqueIdentifier>
    </Filter>
    <Filter Include="src\World">
      <UniqueIdentifier>{dc516e63-6f29-493a-baab-c18641267c31}</UniqueIdentifier>
    </Filter>
    <Filter Include="src\World\WorldCreator">
      <UniqueIdentifier>{ae7be298-db70-4e16-b397-7d167c25934f}</UniqueIdentifier>
    </Filter>
    <Filter Include="src\World\WorldController">
      <UniqueIdentifier>{6e581280-a09f-4ad6-9ff7-40bdf8f9fce7}</UniqueIdentifier>
    </Filter>
    <Filter Include="src\View\ViewController">
      <UniqueIdentifier>{6ebc1cd9-a41e-4a74-9e8f-30be8b30deab}</UniqueIdentifier>
    </Filter>
  </ItemGroup>
  <ItemGroup>
    <ClCompile Include="main.cpp">
      <Filter>src</Filter>
    </ClCompile>
    <ClCompile Include="stdafx.cpp">
      <Filter>src</Filter>
    </ClCompile>
    <ClCompile Include="IApp.cpp">
      <Filter>src\Application</Filter>
    </ClCompile>
    <ClCompile Include="App.cpp">
      <Filter>src\Application</Filter>
    </ClCompile>
    <ClCompile Include="Game.cpp">
      <Filter>src\Game</Filter>
    </ClCompile>
    <ClCompile Include="SettingsProvider.cpp">
      <Filter>src\Settings</Filter>
    </ClCompile>
    <ClCompile Include="World.cpp">
      <Filter>src\World</Filter>
    </ClCompile>
    <ClCompile Include="Object.cpp">
      <Filter>src\World</Filter>
    </ClCompile>
    <ClCompile Include="ObjectView.cpp">
      <Filter>src\View</Filter>
    </ClCompile>
    <ClCompile Include="WorldController.cpp">
      <Filter>src\World\WorldController</Filter>
    </ClCompile>
    <ClCompile Include="ViewController.cpp">
      <Filter>src\View\ViewController</Filter>
    </ClCompile>
    <ClCompile Include="WorldCreator.cpp">
      <Filter>src\World\WorldCreator</Filter>
    </ClCompile>
    <ClCompile Include="ViewportController.cpp">
      <Filter>src\ViewportController</Filter>
    </ClCompile>
    <ClCompile Include="ResourceLoader.cpp">
      <Filter>src\Game\ResourceLoader</Filter>
    </ClCompile>
    <ClCompile Include="GuiCollection.cpp">
      <Filter>src\Gui</Filter>
    </ClCompile>
    <ClCompile Include="GuiController.cpp">
      <Filter>src\Gui</Filter>
    </ClCompile>
    <ClCompile Include="Panel.cpp">
      <Filter>src\Gui</Filter>
    </ClCompile>
    <ClCompile Include="PanelView.cpp">
      <Filter>src\View</Filter>
    </ClCompile>
    <ClCompile Include="GuiViewFactory.cpp">
      <Filter>src\View\GuiViewFactory</Filter>
    </ClCompile>
    <ClCompile Include="GuiCreator.cpp">
      <Filter>src\Gui</Filter>
    </ClCompile>
    <ClCompile Include="GameLoadController.cpp">
      <Filter>src\Game\GameLoadController</Filter>
    </ClCompile>
    <ClCompile Include="Button.cpp">
      <Filter>src\Gui</Filter>
    </ClCompile>
    <ClCompile Include="ButtonView.cpp">
      <Filter>src\View</Filter>
    </ClCompile>
    <ClCompile Include="Controller.cpp">
      <Filter>src\Controller</Filter>
    </ClCompile>
    <ClCompile Include="MouseHandler.cpp">
      <Filter>src\Controller</Filter>
    </ClCompile>
    <ClCompile Include="ActionsMap.cpp">
      <Filter>src\Controller\Actions</Filter>
    </ClCompile>
    <ClCompile Include="Cursor.cpp">
      <Filter>src\Controller\Cursor</Filter>
    </ClCompile>
    <ClCompile Include="CursorView.cpp">
      <Filter>src\View</Filter>
    </ClCompile>
    <ClCompile Include="Cursors.cpp">
      <Filter>src\Controller\Cursor</Filter>
    </ClCompile>
  </ItemGroup>
  <ItemGroup>
    <ClInclude Include="stdafx.h">
      <Filter>src</Filter>
    </ClInclude>
    <ClInclude Include="IApp.h">
      <Filter>src\Application</Filter>
    </ClInclude>
    <ClInclude Include="App.h">
      <Filter>src\Application</Filter>
    </ClInclude>
    <ClInclude Include="Game.h">
      <Filter>src\Game</Filter>
    </ClInclude>
    <ClInclude Include="Fwd.h">
      <Filter>src</Filter>
    </ClInclude>
    <ClInclude Include="SettingsProvider.h">
      <Filter>src\Settings</Filter>
    </ClInclude>
    <ClInclude Include="InternalSettings.h">
      <Filter>src\Settings</Filter>
    </ClInclude>
    <ClInclude Include="ExternalSettings.h">
      <Filter>src\Settings</Filter>
    </ClInclude>
    <ClInclude Include="World.h">
      <Filter>src\World</Filter>
    </ClInclude>
    <ClInclude Include="Object.h">
      <Filter>src\World</Filter>
    </ClInclude>
    <ClInclude Include="ObjectView.h">
      <Filter>src\View</Filter>
    </ClInclude>
    <ClInclude Include="WorldController.h">
      <Filter>src\World\WorldController</Filter>
    </ClInclude>
    <ClInclude Include="ViewController.h">
      <Filter>src\View\ViewController</Filter>
    </ClInclude>
    <ClInclude Include="WorldCreator.h">
      <Filter>src\World\WorldCreator</Filter>
    </ClInclude>
    <ClInclude Include="ViewportController.h">
      <Filter>src\ViewportController</Filter>
    </ClInclude>
    <ClInclude Include="ResourceLoader.h">
      <Filter>src\Game\ResourceLoader</Filter>
    </ClInclude>
    <ClInclude Include="IGuiControl.h">
      <Filter>src\Gui</Filter>
    </ClInclude>
    <ClInclude Include="GuiCollection.h">
      <Filter>src\Gui</Filter>
    </ClInclude>
    <ClInclude Include="GuiController.h">
      <Filter>src\Gui</Filter>
    </ClInclude>
    <ClInclude Include="WorldEvents.h">
      <Filter>src\Events</Filter>
    </ClInclude>
    <ClInclude Include="ViewportEvents.h">
      <Filter>src\Events</Filter>
    </ClInclude>
    <ClInclude Include="ObjectEvents.h">
      <Filter>src\Events</Filter>
    </ClInclude>
    <ClInclude Include="GuiEvents.h">
      <Filter>src\Events</Filter>
    </ClInclude>
    <ClInclude Include="Panel.h">
      <Filter>src\Gui</Filter>
    </ClInclude>
    <ClInclude Include="PanelView.h">
      <Filter>src\View</Filter>
    </ClInclude>
    <ClInclude Include="IGuiView.h">
      <Filter>src\View</Filter>
    </ClInclude>
    <ClInclude Include="GuiViewFactory.h">
      <Filter>src\View\GuiViewFactory</Filter>
    </ClInclude>
    <ClInclude Include="GuiCreator.h">
      <Filter>src\Gui</Filter>
    </ClInclude>
    <ClInclude Include="GameLoadController.h">
      <Filter>src\Game\GameLoadController</Filter>
    </ClInclude>
    <ClInclude Include="Button.h">
      <Filter>src\Gui</Filter>
    </ClInclude>
    <ClInclude Include="ButtonView.h">
      <Filter>src\View</Filter>
    </ClInclude>
    <ClInclude Include="Controller.h">
      <Filter>src\Controller</Filter>
    </ClInclude>
    <ClInclude Include="MouseHandler.h">
      <Filter>src\Controller</Filter>
    </ClInclude>
    <ClInclude Include="Actions.h">
      <Filter>src\Controller\Actions</Filter>
    </ClInclude>
    <ClInclude Include="ActionsMap.h">
      <Filter>src\Controller\Actions</Filter>
    </ClInclude>
    <ClInclude Include="Cursor.h">
      <Filter>src\Controller\Cursor</Filter>
    </ClInclude>
    <ClInclude Include="CursorEvents.h">
      <Filter>src\Events</Filter>
    </ClInclude>
    <ClInclude Include="CursorView.h">
      <Filter>src\View</Filter>
    </ClInclude>
    <ClInclude Include="Cursors.h">
      <Filter>src\Controller\Cursor</Filter>
    </ClInclude>
    <ClInclude Include="MouseEvents.h">
      <Filter>src\Events</Filter>
    </ClInclude>
  </ItemGroup>
</Project>